github.com/panjf2000/ants v3.9.9+incompatible h1:a0haTPE3Gyp4TBe7M/FvciKq2zeI9ODW+y5pLt+Z7UY=
github.com/panjf2000/ants v3.9.9+incompatible/go.mod h1:AaACblRPzq35m1g3enqYcxspbbiOJJYaxU2wMpm1cXY=
golang.org/x/sys v0.0.0-20190618155005-516e3c20635f h1:dHNZYIYdq2QuU6w73vZ/DzesPbVlZVYZTtTZmrnsbQ8=
golang.org/x/sys v0.0.0-20190618155005-516e3c20635f/go.mod h1:h1NjWce9XRLGQEsW7wpKNCjG9DtNlClVuFLEZdDNbEs=
